// !$*UTF8*$!
{
	archiveVersion = 1;
	classes = {
	};
	objectVersion = 46;
	objects = {

/* Begin PBXBuildFile section */
		166B75B11CDF7D52003A829E /* QKNetworkTests.swift in Sources */ = {isa = PBXBuildFile; fileRef = 166B75B01CDF7D52003A829E /* QKNetworkTests.swift */; };
		167D335F1CDF8A7E00823514 /* QKLogger.swift in Sources */ = {isa = PBXBuildFile; fileRef = 167D335E1CDF8A7E00823514 /* QKLogger.swift */; };
		167D33611CDFAB3D00823514 /* QKLoggerTests.swift in Sources */ = {isa = PBXBuildFile; fileRef = 167D33601CDFAB3D00823514 /* QKLoggerTests.swift */; };
		169994041CC7D03C003C7559 /* QKColor.swift in Sources */ = {isa = PBXBuildFile; fileRef = 169994031CC7D03C003C7559 /* QKColor.swift */; };
		169994061CDF36A1003C7559 /* QKNetwork.swift in Sources */ = {isa = PBXBuildFile; fileRef = 169994051CDF36A1003C7559 /* QKNetwork.swift */; };
		16CCCD991CC7B9AF00E73D1C /* AppDelegate.swift in Sources */ = {isa = PBXBuildFile; fileRef = 16CCCD981CC7B9AF00E73D1C /* AppDelegate.swift */; };
		16CCCD9B1CC7B9AF00E73D1C /* ViewController.swift in Sources */ = {isa = PBXBuildFile; fileRef = 16CCCD9A1CC7B9AF00E73D1C /* ViewController.swift */; };
		16CCCD9E1CC7B9AF00E73D1C /* Main.storyboard in Resources */ = {isa = PBXBuildFile; fileRef = 16CCCD9C1CC7B9AF00E73D1C /* Main.storyboard */; };
		16CCCDA01CC7B9AF00E73D1C /* Assets.xcassets in Resources */ = {isa = PBXBuildFile; fileRef = 16CCCD9F1CC7B9AF00E73D1C /* Assets.xcassets */; };
		16CCCDA31CC7B9AF00E73D1C /* LaunchScreen.storyboard in Resources */ = {isa = PBXBuildFile; fileRef = 16CCCDA11CC7B9AF00E73D1C /* LaunchScreen.storyboard */; };
		16CCCDAE1CC7B9AF00E73D1C /* QKFrameTests.swift in Sources */ = {isa = PBXBuildFile; fileRef = 16CCCDAD1CC7B9AF00E73D1C /* QKFrameTests.swift */; };
		16CCCDB91CC7B9AF00E73D1C /* QKFrameUITests.swift in Sources */ = {isa = PBXBuildFile; fileRef = 16CCCDB81CC7B9AF00E73D1C /* QKFrameUITests.swift */; };
		5C87B867795E27727211F192 /* Pods_QKFrame.framework in Frameworks */ = {isa = PBXBuildFile; fileRef = 0AA5AEF7E7F9D827264C0074 /* Pods_QKFrame.framework */; };
		5DD197FBF4A25A29D8EB43B6 /* Pods.framework in Frameworks */ = {isa = PBXBuildFile; fileRef = D93376C698E6A0F13D8090DC /* Pods.framework */; };
/* End PBXBuildFile section */

/* Begin PBXContainerItemProxy section */
		16CCCDAA1CC7B9AF00E73D1C /* PBXContainerItemProxy */ = {
			isa = PBXContainerItemProxy;
			containerPortal = 16CCCD8D1CC7B9AF00E73D1C /* Project object */;
			proxyType = 1;
			remoteGlobalIDString = 16CCCD941CC7B9AF00E73D1C;
			remoteInfo = QKFrame;
		};
		16CCCDB51CC7B9AF00E73D1C /* PBXContainerItemProxy */ = {
			isa = PBXContainerItemProxy;
			containerPortal = 16CCCD8D1CC7B9AF00E73D1C /* Project object */;
			proxyType = 1;
			remoteGlobalIDString = 16CCCD941CC7B9AF00E73D1C;
			remoteInfo = QKFrame;
		};
/* End PBXContainerItemProxy section */

/* Begin PBXFileReference section */
		0AA5AEF7E7F9D827264C0074 /* Pods_QKFrame.framework */ = {isa = PBXFileReference; explicitFileType = wrapper.framework; includeInIndex = 0; path = Pods_QKFrame.framework; sourceTree = BUILT_PRODUCTS_DIR; };
		166B75B01CDF7D52003A829E /* QKNetworkTests.swift */ = {isa = PBXFileReference; fileEncoding = 4; lastKnownFileType = sourcecode.swift; path = QKNetworkTests.swift; sourceTree = "<group>"; };
		167D335E1CDF8A7E00823514 /* QKLogger.swift */ = {isa = PBXFileReference; fileEncoding = 4; lastKnownFileType = sourcecode.swift; path = QKLogger.swift; sourceTree = "<group>"; };
		167D33601CDFAB3D00823514 /* QKLoggerTests.swift */ = {isa = PBXFileReference; fileEncoding = 4; lastKnownFileType = sourcecode.swift; path = QKLoggerTests.swift; sourceTree = "<group>"; };
		169994031CC7D03C003C7559 /* QKColor.swift */ = {isa = PBXFileReference; fileEncoding = 4; lastKnownFileType = sourcecode.swift; path = QKColor.swift; sourceTree = "<group>"; };
		169994051CDF36A1003C7559 /* QKNetwork.swift */ = {isa = PBXFileReference; fileEncoding = 4; lastKnownFileType = sourcecode.swift; path = QKNetwork.swift; sourceTree = "<group>"; };
		169994091CDF7832003C7559 /* Pods_QKFrame.framework */ = {isa = PBXFileReference; lastKnownFileType = wrapper.framework; name = Pods_QKFrame.framework; path = "../../../Library/Developer/Xcode/DerivedData/QKFrame-dmbetcyokemnzpazytreunxwxsnk/Build/Products/Debug-iphonesimulator/Pods_QKFrame.framework"; sourceTree = "<group>"; };
		16CCCD951CC7B9AF00E73D1C /* QKFrame.app */ = {isa = PBXFileReference; explicitFileType = wrapper.application; includeInIndex = 0; path = QKFrame.app; sourceTree = BUILT_PRODUCTS_DIR; };
		16CCCD981CC7B9AF00E73D1C /* AppDelegate.swift */ = {isa = PBXFileReference; lastKnownFileType = sourcecode.swift; path = AppDelegate.swift; sourceTree = "<group>"; };
		16CCCD9A1CC7B9AF00E73D1C /* ViewController.swift */ = {isa = PBXFileReference; lastKnownFileType = sourcecode.swift; path = ViewController.swift; sourceTree = "<group>"; };
		16CCCD9D1CC7B9AF00E73D1C /* Base */ = {isa = PBXFileReference; lastKnownFileType = file.storyboard; name = Base; path = Base.lproj/Main.storyboard; sourceTree = "<group>"; };
		16CCCD9F1CC7B9AF00E73D1C /* Assets.xcassets */ = {isa = PBXFileReference; lastKnownFileType = folder.assetcatalog; path = Assets.xcassets; sourceTree = "<group>"; };
		16CCCDA21CC7B9AF00E73D1C /* Base */ = {isa = PBXFileReference; lastKnownFileType = file.storyboard; name = Base; path = Base.lproj/LaunchScreen.storyboard; sourceTree = "<group>"; };
		16CCCDA41CC7B9AF00E73D1C /* Info.plist */ = {isa = PBXFileReference; lastKnownFileType = text.plist.xml; path = Info.plist; sourceTree = "<group>"; };
		16CCCDA91CC7B9AF00E73D1C /* QKFrameTests.xctest */ = {isa = PBXFileReference; explicitFileType = wrapper.cfbundle; includeInIndex = 0; path = QKFrameTests.xctest; sourceTree = BUILT_PRODUCTS_DIR; };
		16CCCDAD1CC7B9AF00E73D1C /* QKFrameTests.swift */ = {isa = PBXFileReference; lastKnownFileType = sourcecode.swift; path = QKFrameTests.swift; sourceTree = "<group>"; };
		16CCCDAF1CC7B9AF00E73D1C /* Info.plist */ = {isa = PBXFileReference; lastKnownFileType = text.plist.xml; path = Info.plist; sourceTree = "<group>"; };
		16CCCDB41CC7B9AF00E73D1C /* QKFrameUITests.xctest */ = {isa = PBXFileReference; explicitFileType = wrapper.cfbundle; includeInIndex = 0; path = QKFrameUITests.xctest; sourceTree = BUILT_PRODUCTS_DIR; };
		16CCCDB81CC7B9AF00E73D1C /* QKFrameUITests.swift */ = {isa = PBXFileReference; lastKnownFileType = sourcecode.swift; path = QKFrameUITests.swift; sourceTree = "<group>"; };
		16CCCDBA1CC7B9AF00E73D1C /* Info.plist */ = {isa = PBXFileReference; lastKnownFileType = text.plist.xml; path = Info.plist; sourceTree = "<group>"; };
		17E57CEB3AD93B134A8341E3 /* Pods-QKFrame.debug.xcconfig */ = {isa = PBXFileReference; includeInIndex = 1; lastKnownFileType = text.xcconfig; name = "Pods-QKFrame.debug.xcconfig"; path = "Pods/Target Support Files/Pods-QKFrame/Pods-QKFrame.debug.xcconfig"; sourceTree = "<group>"; };
		D93376C698E6A0F13D8090DC /* Pods.framework */ = {isa = PBXFileReference; explicitFileType = wrapper.framework; includeInIndex = 0; path = Pods.framework; sourceTree = BUILT_PRODUCTS_DIR; };
		E178F22187904C7584DBE3F6 /* Pods-QKFrame.release.xcconfig */ = {isa = PBXFileReference; includeInIndex = 1; lastKnownFileType = text.xcconfig; name = "Pods-QKFrame.release.xcconfig"; path = "Pods/Target Support Files/Pods-QKFrame/Pods-QKFrame.release.xcconfig"; sourceTree = "<group>"; };
/* End PBXFileReference section */

/* Begin PBXFrameworksBuildPhase section */
		16CCCD921CC7B9AF00E73D1C /* Frameworks */ = {
			isa = PBXFrameworksBuildPhase;
			buildActionMask = 2147483647;
			files = (
				5C87B867795E27727211F192 /* Pods_QKFrame.framework in Frameworks */,
				5DD197FBF4A25A29D8EB43B6 /* Pods.framework in Frameworks */,
			);
			runOnlyForDeploymentPostprocessing = 0;
		};
		16CCCDA61CC7B9AF00E73D1C /* Frameworks */ = {
			isa = PBXFrameworksBuildPhase;
			buildActionMask = 2147483647;
			files = (
			);
			runOnlyForDeploymentPostprocessing = 0;
		};
		16CCCDB11CC7B9AF00E73D1C /* Frameworks */ = {
			isa = PBXFrameworksBuildPhase;
			buildActionMask = 2147483647;
			files = (
			);
			runOnlyForDeploymentPostprocessing = 0;
		};
/* End PBXFrameworksBuildPhase section */

/* Begin PBXGroup section */
		169994021CC7D014003C7559 /* Core */ = {
			isa = PBXGroup;
			children = (
				169994031CC7D03C003C7559 /* QKColor.swift */,
				169994051CDF36A1003C7559 /* QKNetwork.swift */,
				167D335E1CDF8A7E00823514 /* QKLogger.swift */,
			);
			name = Core;
			sourceTree = "<group>";
		};
		16CCCD8C1CC7B9AF00E73D1C = {
			isa = PBXGroup;
			children = (
				16CCCD971CC7B9AF00E73D1C /* QKFrame */,
				16CCCDAC1CC7B9AF00E73D1C /* QKFrameTests */,
				16CCCDB71CC7B9AF00E73D1C /* QKFrameUITests */,
				16CCCD961CC7B9AF00E73D1C /* Products */,
				7A071334538069D80F2FCC0B /* Pods */,
				DA547BCA1A2C8B6308493B2D /* Frameworks */,
			);
			sourceTree = "<group>";
		};
		16CCCD961CC7B9AF00E73D1C /* Products */ = {
			isa = PBXGroup;
			children = (
				16CCCD951CC7B9AF00E73D1C /* QKFrame.app */,
				16CCCDA91CC7B9AF00E73D1C /* QKFrameTests.xctest */,
				16CCCDB41CC7B9AF00E73D1C /* QKFrameUITests.xctest */,
			);
			name = Products;
			sourceTree = "<group>";
		};
		16CCCD971CC7B9AF00E73D1C /* QKFrame */ = {
			isa = PBXGroup;
			children = (
				169994021CC7D014003C7559 /* Core */,
				16CCCD981CC7B9AF00E73D1C /* AppDelegate.swift */,
				16CCCD9A1CC7B9AF00E73D1C /* ViewController.swift */,
				16CCCD9C1CC7B9AF00E73D1C /* Main.storyboard */,
				16CCCD9F1CC7B9AF00E73D1C /* Assets.xcassets */,
				16CCCDA11CC7B9AF00E73D1C /* LaunchScreen.storyboard */,
				16CCCDA41CC7B9AF00E73D1C /* Info.plist */,
			);
			path = QKFrame;
			sourceTree = "<group>";
		};
		16CCCDAC1CC7B9AF00E73D1C /* QKFrameTests */ = {
			isa = PBXGroup;
			children = (
				16CCCDAD1CC7B9AF00E73D1C /* QKFrameTests.swift */,
				16CCCDAF1CC7B9AF00E73D1C /* Info.plist */,
				166B75B01CDF7D52003A829E /* QKNetworkTests.swift */,
				167D33601CDFAB3D00823514 /* QKLoggerTests.swift */,
			);
			path = QKFrameTests;
			sourceTree = "<group>";
		};
		16CCCDB71CC7B9AF00E73D1C /* QKFrameUITests */ = {
			isa = PBXGroup;
			children = (
				16CCCDB81CC7B9AF00E73D1C /* QKFrameUITests.swift */,
				16CCCDBA1CC7B9AF00E73D1C /* Info.plist */,
			);
			path = QKFrameUITests;
			sourceTree = "<group>";
		};
		7A071334538069D80F2FCC0B /* Pods */ = {
			isa = PBXGroup;
			children = (
				17E57CEB3AD93B134A8341E3 /* Pods-QKFrame.debug.xcconfig */,
				E178F22187904C7584DBE3F6 /* Pods-QKFrame.release.xcconfig */,
			);
			name = Pods;
			sourceTree = "<group>";
		};
		DA547BCA1A2C8B6308493B2D /* Frameworks */ = {
			isa = PBXGroup;
			children = (
				169994091CDF7832003C7559 /* Pods_QKFrame.framework */,
				0AA5AEF7E7F9D827264C0074 /* Pods_QKFrame.framework */,
				D93376C698E6A0F13D8090DC /* Pods.framework */,
			);
			name = Frameworks;
			sourceTree = "<group>";
		};
/* End PBXGroup section */

/* Begin PBXNativeTarget section */
		16CCCD941CC7B9AF00E73D1C /* QKFrame */ = {
			isa = PBXNativeTarget;
			buildConfigurationList = 16CCCDBD1CC7B9AF00E73D1C /* Build configuration list for PBXNativeTarget "QKFrame" */;
			buildPhases = (
				33A5A4D35ECBB3507D94AAD7 /* Check Pods Manifest.lock */,
				D19B05DFC8913D0F37848729 /* 📦 Check Pods Manifest.lock */,
				16CCCD911CC7B9AF00E73D1C /* Sources */,
				16CCCD921CC7B9AF00E73D1C /* Frameworks */,
				16CCCD931CC7B9AF00E73D1C /* Resources */,
				780ADE7E33CB53F4616D2CB4 /* 📦 Embed Pods Frameworks */,
				4C6438CAB05E62A620659B32 /* 📦 Copy Pods Resources */,
				563A29D6D9047E8034F3EDA8 /* Embed Pods Frameworks */,
				842F662BD501B9E1FAFFD80C /* Copy Pods Resources */,
			);
			buildRules = (
			);
			dependencies = (
			);
			name = QKFrame;
			productName = QKFrame;
			productReference = 16CCCD951CC7B9AF00E73D1C /* QKFrame.app */;
			productType = "com.apple.product-type.application";
		};
		16CCCDA81CC7B9AF00E73D1C /* QKFrameTests */ = {
			isa = PBXNativeTarget;
			buildConfigurationList = 16CCCDC01CC7B9AF00E73D1C /* Build configuration list for PBXNativeTarget "QKFrameTests" */;
			buildPhases = (
				16CCCDA51CC7B9AF00E73D1C /* Sources */,
				16CCCDA61CC7B9AF00E73D1C /* Frameworks */,
				16CCCDA71CC7B9AF00E73D1C /* Resources */,
			);
			buildRules = (
			);
			dependencies = (
				16CCCDAB1CC7B9AF00E73D1C /* PBXTargetDependency */,
			);
			name = QKFrameTests;
			productName = QKFrameTests;
			productReference = 16CCCDA91CC7B9AF00E73D1C /* QKFrameTests.xctest */;
			productType = "com.apple.product-type.bundle.unit-test";
		};
		16CCCDB31CC7B9AF00E73D1C /* QKFrameUITests */ = {
			isa = PBXNativeTarget;
			buildConfigurationList = 16CCCDC31CC7B9AF00E73D1C /* Build configuration list for PBXNativeTarget "QKFrameUITests" */;
			buildPhases = (
				16CCCDB01CC7B9AF00E73D1C /* Sources */,
				16CCCDB11CC7B9AF00E73D1C /* Frameworks */,
				16CCCDB21CC7B9AF00E73D1C /* Resources */,
			);
			buildRules = (
			);
			dependencies = (
				16CCCDB61CC7B9AF00E73D1C /* PBXTargetDependency */,
			);
			name = QKFrameUITests;
			productName = QKFrameUITests;
			productReference = 16CCCDB41CC7B9AF00E73D1C /* QKFrameUITests.xctest */;
			productType = "com.apple.product-type.bundle.ui-testing";
		};
/* End PBXNativeTarget section */

/* Begin PBXProject section */
		16CCCD8D1CC7B9AF00E73D1C /* Project object */ = {
			isa = PBXProject;
			attributes = {
				LastSwiftUpdateCheck = 0730;
				LastUpgradeCheck = 0730;
				ORGANIZATIONNAME = "Jiang, Star";
				TargetAttributes = {
					16CCCD941CC7B9AF00E73D1C = {
						CreatedOnToolsVersion = 7.3;
					};
					16CCCDA81CC7B9AF00E73D1C = {
						CreatedOnToolsVersion = 7.3;
						TestTargetID = 16CCCD941CC7B9AF00E73D1C;
					};
					16CCCDB31CC7B9AF00E73D1C = {
						CreatedOnToolsVersion = 7.3;
						TestTargetID = 16CCCD941CC7B9AF00E73D1C;
					};
				};
			};
			buildConfigurationList = 16CCCD901CC7B9AF00E73D1C /* Build configuration list for PBXProject "QKFrame" */;
			compatibilityVersion = "Xcode 3.2";
			developmentRegion = English;
			hasScannedForEncodings = 0;
			knownRegions = (
				en,
				Base,
			);
			mainGroup = 16CCCD8C1CC7B9AF00E73D1C;
			productRefGroup = 16CCCD961CC7B9AF00E73D1C /* Products */;
			projectDirPath = "";
			projectRoot = "";
			targets = (
				16CCCD941CC7B9AF00E73D1C /* QKFrame */,
				16CCCDA81CC7B9AF00E73D1C /* QKFrameTests */,
				16CCCDB31CC7B9AF00E73D1C /* QKFrameUITests */,
			);
		};
/* End PBXProject section */

/* Begin PBXResourcesBuildPhase section */
		16CCCD931CC7B9AF00E73D1C /* Resources */ = {
			isa = PBXResourcesBuildPhase;
			buildActionMask = 2147483647;
			files = (
				16CCCDA31CC7B9AF00E73D1C /* LaunchScreen.storyboard in Resources */,
				16CCCDA01CC7B9AF00E73D1C /* Assets.xcassets in Resources */,
				16CCCD9E1CC7B9AF00E73D1C /* Main.storyboard in Resources */,
			);
			runOnlyForDeploymentPostprocessing = 0;
		};
		16CCCDA71CC7B9AF00E73D1C /* Resources */ = {
			isa = PBXResourcesBuildPhase;
			buildActionMask = 2147483647;
			files = (
			);
			runOnlyForDeploymentPostprocessing = 0;
		};
		16CCCDB21CC7B9AF00E73D1C /* Resources */ = {
			isa = PBXResourcesBuildPhase;
			buildActionMask = 2147483647;
			files = (
			);
			runOnlyForDeploymentPostprocessing = 0;
		};
/* End PBXResourcesBuildPhase section */

/* Begin PBXShellScriptBuildPhase section */
		33A5A4D35ECBB3507D94AAD7 /* Check Pods Manifest.lock */ = {
			isa = PBXShellScriptBuildPhase;
			buildActionMask = 2147483647;
			files = (
			);
			inputPaths = (
			);
			name = "Check Pods Manifest.lock";
			outputPaths = (
			);
			runOnlyForDeploymentPostprocessing = 0;
			shellPath = /bin/sh;
			shellScript = "diff \"${PODS_ROOT}/../Podfile.lock\" \"${PODS_ROOT}/Manifest.lock\" > /dev/null\nif [[ $? != 0 ]] ; then\n    cat << EOM\nerror: The sandbox is not in sync with the Podfile.lock. Run 'pod install' or update your CocoaPods installation.\nEOM\n    exit 1\nfi\n";
			showEnvVarsInLog = 0;
		};
		4C6438CAB05E62A620659B32 /* 📦 Copy Pods Resources */ = {
			isa = PBXShellScriptBuildPhase;
			buildActionMask = 2147483647;
			files = (
			);
			inputPaths = (
			);
			name = "📦 Copy Pods Resources";
			outputPaths = (
			);
			runOnlyForDeploymentPostprocessing = 0;
			shellPath = /bin/sh;
			shellScript = "\"${SRCROOT}/Pods/Target Support Files/Pods-QKFrame/Pods-QKFrame-resources.sh\"\n";
			showEnvVarsInLog = 0;
		};
		563A29D6D9047E8034F3EDA8 /* Embed Pods Frameworks */ = {
			isa = PBXShellScriptBuildPhase;
			buildActionMask = 2147483647;
			files = (
			);
			inputPaths = (
			);
			name = "Embed Pods Frameworks";
			outputPaths = (
			);
			runOnlyForDeploymentPostprocessing = 0;
			shellPath = /bin/sh;
			shellScript = "\"${SRCROOT}/Pods/Target Support Files/Pods/Pods-frameworks.sh\"\n";
			showEnvVarsInLog = 0;
		};
		780ADE7E33CB53F4616D2CB4 /* 📦 Embed Pods Frameworks */ = {
			isa = PBXShellScriptBuildPhase;
			buildActionMask = 2147483647;
			files = (
			);
			inputPaths = (
			);
			name = "📦 Embed Pods Frameworks";
			outputPaths = (
			);
			runOnlyForDeploymentPostprocessing = 0;
			shellPath = /bin/sh;
			shellScript = "\"${SRCROOT}/Pods/Target Support Files/Pods-QKFrame/Pods-QKFrame-frameworks.sh\"\n";
			showEnvVarsInLog = 0;
		};
		842F662BD501B9E1FAFFD80C /* Copy Pods Resources */ = {
			isa = PBXShellScriptBuildPhase;
			buildActionMask = 2147483647;
			files = (
			);
			inputPaths = (
			);
			name = "Copy Pods Resources";
			outputPaths = (
			);
			runOnlyForDeploymentPostprocessing = 0;
			shellPath = /bin/sh;
			shellScript = "\"${SRCROOT}/Pods/Target Support Files/Pods/Pods-resources.sh\"\n";
			showEnvVarsInLog = 0;
		};
		D19B05DFC8913D0F37848729 /* 📦 Check Pods Manifest.lock */ = {
			isa = PBXShellScriptBuildPhase;
			buildActionMask = 2147483647;
			files = (
			);
			inputPaths = (
			);
			name = "📦 Check Pods Manifest.lock";
			outputPaths = (
			);
			runOnlyForDeploymentPostprocessing = 0;
			shellPath = /bin/sh;
			shellScript = "diff \"${PODS_ROOT}/../Podfile.lock\" \"${PODS_ROOT}/Manifest.lock\" > /dev/null\nif [[ $? != 0 ]] ; then\n    cat << EOM\nerror: The sandbox is not in sync with the Podfile.lock. Run 'pod install' or update your CocoaPods installation.\nEOM\n    exit 1\nfi\n";
			showEnvVarsInLog = 0;
		};
/* End PBXShellScriptBuildPhase section */

/* Begin PBXSourcesBuildPhase section */
		16CCCD911CC7B9AF00E73D1C /* Sources */ = {
			isa = PBXSourcesBuildPhase;
			buildActionMask = 2147483647;
			files = (
				169994061CDF36A1003C7559 /* QKNetwork.swift in Sources */,
				169994041CC7D03C003C7559 /* QKColor.swift in Sources */,
				167D335F1CDF8A7E00823514 /* QKLogger.swift in Sources */,
				16CCCD9B1CC7B9AF00E73D1C /* ViewController.swift in Sources */,
				16CCCD991CC7B9AF00E73D1C /* AppDelegate.swift in Sources */,
			);
			runOnlyForDeploymentPostprocessing = 0;
		};
		16CCCDA51CC7B9AF00E73D1C /* Sources */ = {
			isa = PBXSourcesBuildPhase;
			buildActionMask = 2147483647;
			files = (
				166B75B11CDF7D52003A829E /* QKNetworkTests.swift in Sources */,
				167D33611CDFAB3D00823514 /* QKLoggerTests.swift in Sources */,
				16CCCDAE1CC7B9AF00E73D1C /* QKFrameTests.swift in Sources */,
			);
			runOnlyForDeploymentPostprocessing = 0;
		};
		16CCCDB01CC7B9AF00E73D1C /* Sources */ = {
			isa = PBXSourcesBuildPhase;
			buildActionMask = 2147483647;
			files = (
				16CCCDB91CC7B9AF00E73D1C /* QKFrameUITests.swift in Sources */,
			);
			runOnlyForDeploymentPostprocessing = 0;
		};
/* End PBXSourcesBuildPhase section */

/* Begin PBXTargetDependency section */
		16CCCDAB1CC7B9AF00E73D1C /* PBXTargetDependency */ = {
			isa = PBXTargetDependency;
			target = 16CCCD941CC7B9AF00E73D1C /* QKFrame */;
			targetProxy = 16CCCDAA1CC7B9AF00E73D1C /* PBXContainerItemProxy */;
		};
		16CCCDB61CC7B9AF00E73D1C /* PBXTargetDependency */ = {
			isa = PBXTargetDependency;
			target = 16CCCD941CC7B9AF00E73D1C /* QKFrame */;
			targetProxy = 16CCCDB51CC7B9AF00E73D1C /* PBXContainerItemProxy */;
		};
/* End PBXTargetDependency section */

/* Begin PBXVariantGroup section */
		16CCCD9C1CC7B9AF00E73D1C /* Main.storyboard */ = {
			isa = PBXVariantGroup;
			children = (
				16CCCD9D1CC7B9AF00E73D1C /* Base */,
			);
			name = Main.storyboard;
			sourceTree = "<group>";
		};
		16CCCDA11CC7B9AF00E73D1C /* LaunchScreen.storyboard */ = {
			isa = PBXVariantGroup;
			children = (
				16CCCDA21CC7B9AF00E73D1C /* Base */,
			);
			name = LaunchScreen.storyboard;
			sourceTree = "<group>";
		};
/* End PBXVariantGroup section */

/* Begin XCBuildConfiguration section */
		16CCCDBB1CC7B9AF00E73D1C /* Debug */ = {
			isa = XCBuildConfiguration;
			buildSettings = {
				ALWAYS_SEARCH_USER_PATHS = NO;
				CLANG_ANALYZER_NONNULL = YES;
				CLANG_CXX_LANGUAGE_STANDARD = "gnu++0x";
				CLANG_CXX_LIBRARY = "libc++";
				CLANG_ENABLE_MODULES = YES;
				CLANG_ENABLE_OBJC_ARC = YES;
				CLANG_WARN_BOOL_CONVERSION = YES;
				CLANG_WARN_CONSTANT_CONVERSION = YES;
				CLANG_WARN_DIRECT_OBJC_ISA_USAGE = YES_ERROR;
				CLANG_WARN_EMPTY_BODY = YES;
				CLANG_WARN_ENUM_CONVERSION = YES;
				CLANG_WARN_INT_CONVERSION = YES;
				CLANG_WARN_OBJC_ROOT_CLASS = YES_ERROR;
				CLANG_WARN_UNREACHABLE_CODE = YES;
				CLANG_WARN__DUPLICATE_METHOD_MATCH = YES;
				"CODE_SIGN_IDENTITY[sdk=iphoneos*]" = "iPhone Developer";
				COPY_PHASE_STRIP = NO;
				DEBUG_INFORMATION_FORMAT = dwarf;
				ENABLE_STRICT_OBJC_MSGSEND = YES;
				ENABLE_TESTABILITY = YES;
				GCC_C_LANGUAGE_STANDARD = gnu99;
				GCC_DYNAMIC_NO_PIC = NO;
				GCC_NO_COMMON_BLOCKS = YES;
				GCC_OPTIMIZATION_LEVEL = 0;
				GCC_PREPROCESSOR_DEFINITIONS = (
					"DEBUG=1",
					"$(inherited)",
				);
				GCC_WARN_64_TO_32_BIT_CONVERSION = YES;
				GCC_WARN_ABOUT_RETURN_TYPE = YES_ERROR;
				GCC_WARN_UNDECLARED_SELECTOR = YES;
				GCC_WARN_UNINITIALIZED_AUTOS = YES_AGGRESSIVE;
				GCC_WARN_UNUSED_FUNCTION = YES;
				GCC_WARN_UNUSED_VARIABLE = YES;
				IPHONEOS_DEPLOYMENT_TARGET = 9.3;
				MTL_ENABLE_DEBUG_INFO = YES;
				ONLY_ACTIVE_ARCH = YES;
				SDKROOT = iphoneos;
				SWIFT_OPTIMIZATION_LEVEL = "-Onone";
			};
			name = Debug;
		};
		16CCCDBC1CC7B9AF00E73D1C /* Release */ = {
			isa = XCBuildConfiguration;
			buildSettings = {
				ALWAYS_SEARCH_USER_PATHS = NO;
				CLANG_ANALYZER_NONNULL = YES;
				CLANG_CXX_LANGUAGE_STANDARD = "gnu++0x";
				CLANG_CXX_LIBRARY = "libc++";
				CLANG_ENABLE_MODULES = YES;
				CLANG_ENABLE_OBJC_ARC = YES;
				CLANG_WARN_BOOL_CONVERSION = YES;
				CLANG_WARN_CONSTANT_CONVERSION = YES;
				CLANG_WARN_DIRECT_OBJC_ISA_USAGE = YES_ERROR;
				CLANG_WARN_EMPTY_BODY = YES;
				CLANG_WARN_ENUM_CONVERSION = YES;
				CLANG_WARN_INT_CONVERSION = YES;
				CLANG_WARN_OBJC_ROOT_CLASS = YES_ERROR;
				CLANG_WARN_UNREACHABLE_CODE = YES;
				CLANG_WARN__DUPLICATE_METHOD_MATCH = YES;
				"CODE_SIGN_IDENTITY[sdk=iphoneos*]" = "iPhone Developer";
				COPY_PHASE_STRIP = NO;
				DEBUG_INFORMATION_FORMAT = "dwarf-with-dsym";
				ENABLE_NS_ASSERTIONS = NO;
				ENABLE_STRICT_OBJC_MSGSEND = YES;
				GCC_C_LANGUAGE_STANDARD = gnu99;
				GCC_NO_COMMON_BLOCKS = YES;
				GCC_WARN_64_TO_32_BIT_CONVERSION = YES;
				GCC_WARN_ABOUT_RETURN_TYPE = YES_ERROR;
				GCC_WARN_UNDECLARED_SELECTOR = YES;
				GCC_WARN_UNINITIALIZED_AUTOS = YES_AGGRESSIVE;
				GCC_WARN_UNUSED_FUNCTION = YES;
				GCC_WARN_UNUSED_VARIABLE = YES;
				IPHONEOS_DEPLOYMENT_TARGET = 9.3;
				MTL_ENABLE_DEBUG_INFO = NO;
				SDKROOT = iphoneos;
				VALIDATE_PRODUCT = YES;
			};
			name = Release;
		};
		16CCCDBE1CC7B9AF00E73D1C /* Debug */ = {
			isa = XCBuildConfiguration;
			baseConfigurationReference = 17E57CEB3AD93B134A8341E3 /* Pods-QKFrame.debug.xcconfig */;
			buildSettings = {
				ASSETCATALOG_COMPILER_APPICON_NAME = AppIcon;
				INFOPLIST_FILE = QKFrame/Info.plist;
				LD_RUNPATH_SEARCH_PATHS = "$(inherited) @executable_path/Frameworks";
				PRODUCT_BUNDLE_IDENTIFIER = com.jstar.qk.QKFrame;
				PRODUCT_NAME = "$(TARGET_NAME)";
			};
			name = Debug;
		};
		16CCCDBF1CC7B9AF00E73D1C /* Release */ = {
			isa = XCBuildConfiguration;
			baseConfigurationReference = E178F22187904C7584DBE3F6 /* Pods-QKFrame.release.xcconfig */;
			buildSettings = {
				ASSETCATALOG_COMPILER_APPICON_NAME = AppIcon;
				INFOPLIST_FILE = QKFrame/Info.plist;
				LD_RUNPATH_SEARCH_PATHS = "$(inherited) @executable_path/Frameworks";
				PRODUCT_BUNDLE_IDENTIFIER = com.jstar.qk.QKFrame;
				PRODUCT_NAME = "$(TARGET_NAME)";
			};
			name = Release;
		};
		16CCCDC11CC7B9AF00E73D1C /* Debug */ = {
			isa = XCBuildConfiguration;
			buildSettings = {
				BUNDLE_LOADER = "$(TEST_HOST)";
				INFOPLIST_FILE = QKFrameTests/Info.plist;
				LD_RUNPATH_SEARCH_PATHS = "$(inherited) @executable_path/Frameworks @loader_path/Frameworks";
				PRODUCT_BUNDLE_IDENTIFIER = com.jstar.qk.QKFrameTests;
				PRODUCT_NAME = "$(TARGET_NAME)";
				TEST_HOST = "$(BUILT_PRODUCTS_DIR)/QKFrame.app/QKFrame";
			};
			name = Debug;
		};
		16CCCDC21CC7B9AF00E73D1C /* Release */ = {
			isa = XCBuildConfiguration;
			buildSettings = {
				BUNDLE_LOADER = "$(TEST_HOST)";
				INFOPLIST_FILE = QKFrameTests/Info.plist;
				LD_RUNPATH_SEARCH_PATHS = "$(inherited) @executable_path/Frameworks @loader_path/Frameworks";
				PRODUCT_BUNDLE_IDENTIFIER = com.jstar.qk.QKFrameTests;
				PRODUCT_NAME = "$(TARGET_NAME)";
				TEST_HOST = "$(BUILT_PRODUCTS_DIR)/QKFrame.app/QKFrame";
			};
			name = Release;
		};
		16CCCDC41CC7B9AF00E73D1C /* Debug */ = {
			isa = XCBuildConfiguration;
			buildSettings = {
				INFOPLIST_FILE = QKFrameUITests/Info.plist;
				LD_RUNPATH_SEARCH_PATHS = "$(inherited) @executable_path/Frameworks @loader_path/Frameworks";
				PRODUCT_BUNDLE_IDENTIFIER = com.jstar.qk.QKFrameUITests;
				PRODUCT_NAME = "$(TARGET_NAME)";
				TEST_TARGET_NAME = QKFrame;
			};
			name = Debug;
		};
		16CCCDC51CC7B9AF00E73D1C /* Release */ = {
			isa = XCBuildConfiguration;
			buildSettings = {
				INFOPLIST_FILE = QKFrameUITests/Info.plist;
				LD_RUNPATH_SEARCH_PATHS = "$(inherited) @executable_path/Frameworks @loader_path/Frameworks";
				PRODUCT_BUNDLE_IDENTIFIER = com.jstar.qk.QKFrameUITests;
				PRODUCT_NAME = "$(TARGET_NAME)";
				TEST_TARGET_NAME = QKFrame;
			};
			name = Release;
		};
/* End XCBuildConfiguration section */

/* Begin XCConfigurationList section */
		16CCCD901CC7B9AF00E73D1C /* Build configuration list for PBXProject "QKFrame" */ = {
			isa = XCConfigurationList;
			buildConfigurations = (
				16CCCDBB1CC7B9AF00E73D1C /* Debug */,
				16CCCDBC1CC7B9AF00E73D1C /* Release */,
			);
			defaultConfigurationIsVisible = 0;
			defaultConfigurationName = Release;
		};
		16CCCDBD1CC7B9AF00E73D1C /* Build configuration list for PBXNativeTarget "QKFrame" */ = {
			isa = XCConfigurationList;
			buildConfigurations = (
				16CCCDBE1CC7B9AF00E73D1C /* Debug */,
				16CCCDBF1CC7B9AF00E73D1C /* Release */,
			);
			defaultConfigurationIsVisible = 0;
			defaultConfigurationName = Release;
		};
		16CCCDC01CC7B9AF00E73D1C /* Build configuration list for PBXNativeTarget "QKFrameTests" */ = {
			isa = XCConfigurationList;
			buildConfigurations = (
				16CCCDC11CC7B9AF00E73D1C /* Debug */,
				16CCCDC21CC7B9AF00E73D1C /* Release */,
			);
			defaultConfigurationIsVisible = 0;
			defaultConfigurationName = Release;
		};
		16CCCDC31CC7B9AF00E73D1C /* Build configuration list for PBXNativeTarget "QKFrameUITests" */ = {
			isa = XCConfigurationList;
			buildConfigurations = (
				16CCCDC41CC7B9AF00E73D1C /* Debug */,
				16CCCDC51CC7B9AF00E73D1C /* Release */,
			);
			defaultConfigurationIsVisible = 0;
			defaultConfigurationName = Release;
		};
/* End XCConfigurationList section */
	};
	rootObject = 16CCCD8D1CC7B9AF00E73D1C /* Project object */;
}
